{
  "name": "npmpackage",
  "version": "1.0.0",
  "lockfileVersion": 3,
  "requires": true,
  "packages": {
    "": {
      "name": "npmpackage",
      "version": "1.0.0",
      "license": "ISC",
      "dependencies": {
        "array-utils": "^0.0.6",
        "lodash": "^4.17.21"
      }
    },
    "node_modules/array-utils": {
      "version": "0.0.6",
      "resolved": "https://registry.npmjs.org/array-utils/-/array-utils-0.0.6.tgz",
      "integrity": "sha512-dPpsoTsQ0HfJpHsQHcTueXLaPDA6c6W8NzxxWnNW5iQjW2PRuuT+r5KOZolF1wnGTBAqfh7aB9gWN3ROIim3hA=="
    },
    "node_modules/lodash": {
      "version": "4.17.21",
      "resolved": "https://registry.npmjs.org/lodash/-/lodash-4.17.21.tgz",
      "integrity": "sha512-v2kDEe57lecTulaDIuNTPy3Ry4gLGJ6Z1O3vE1krgXZNrsQ+LFTGHVxVjcXPs17LhbZVGedAJv8XZ1tvj5FvSg=="
    }
  }
}
